
Microsoft Visual Studio Solution File, Format Version 12.00
# Visual Studio 2012
Project("{FAE04EC0-301F-11D3-BF4B-00C04F79EFBC}") = "MapIntegration", "MapIntegration\MapIntegration.csproj", "{3C653280-72DC-4142-A62B-40E3FAEAD24C}"
EndProject
Project("{FAE04EC0-301F-11D3-BF4B-00C04F79EFBC}") = "MapIntegration.iOS", "iOS\MapIntegration.iOS.csproj", "{0B6BEC19-B18B-4EA3-A468-CFBBA72C1C2C}"
EndProject
Project("{FAE04EC0-301F-11D3-BF4B-00C04F79EFBC}") = "MapIntegration.Droid", "Droid\MapIntegration.Droid.csproj", "{1C7770EA-10EF-40C3-AEE3-43D097259C62}"
EndProject
Global
	GlobalSection(SolutionConfigurationPlatforms) = preSolution
		Debug|Any CPU = Debug|Any CPU
		Release|Any CPU = Release|Any CPU
		Debug|iPhoneSimulator = Debug|iPhoneSimulator
		Release|iPhone = Release|iPhone
		Release|iPhoneSimulator = Release|iPhoneSimulator
		Debug|iPhone = Debug|iPhone
	EndGlobalSection
	GlobalSection(ProjectConfigurationPlatforms) = postSolution
		{3C653280-72DC-4142-A62B-40E3FAEAD24C}.Debug|Any CPU.ActiveCfg = Debug|Any CPU
		{3C653280-72DC-4142-A62B-40E3FAEAD24C}.Debug|Any CPU.Build.0 = Debug|Any CPU
		{3C653280-72DC-4142-A62B-40E3FAEAD24C}.Release|Any CPU.ActiveCfg = Release|Any CPU
		{3C653280-72DC-4142-A62B-40E3FAEAD24C}.Release|Any CPU.Build.0 = Release|Any CPU
		{3C653280-72DC-4142-A62B-40E3FAEAD24C}.Debug|iPhoneSimulator.ActiveCfg = Debug|Any CPU
		{3C653280-72DC-4142-A62B-40E3FAEAD24C}.Debug|iPhoneSimulator.Build.0 = Debug|Any CPU
		{3C653280-72DC-4142-A62B-40E3FAEAD24C}.Release|iPhone.ActiveCfg = Release|Any CPU
		{3C653280-72DC-4142-A62B-40E3FAEAD24C}.Release|iPhone.Build.0 = Release|Any CPU
		{3C653280-72DC-4142-A62B-40E3FAEAD24C}.Release|iPhoneSimulator.ActiveCfg = Release|Any CPU
		{3C653280-72DC-4142-A62B-40E3FAEAD24C}.Release|iPhoneSimulator.Build.0 = Release|Any CPU
		{3C653280-72DC-4142-A62B-40E3FAEAD24C}.Debug|iPhone.ActiveCfg = Debug|Any CPU
		{3C653280-72DC-4142-A62B-40E3FAEAD24C}.Debug|iPhone.Build.0 = Debug|Any CPU
		{0B6BEC19-B18B-4EA3-A468-CFBBA72C1C2C}.Debug|Any CPU.ActiveCfg = Debug|iPhoneSimulator
		{0B6BEC19-B18B-4EA3-A468-CFBBA72C1C2C}.Debug|Any CPU.Build.0 = Debug|iPhoneSimulator
		{0B6BEC19-B18B-4EA3-A468-CFBBA72C1C2C}.Release|Any CPU.ActiveCfg = Release|iPhone
		{0B6BEC19-B18B-4EA3-A468-CFBBA72C1C2C}.Release|Any CPU.Build.0 = Release|iPhone
		{0B6BEC19-B18B-4EA3-A468-CFBBA72C1C2C}.Debug|iPhoneSimulator.ActiveCfg = Debug|iPhoneSimulator
		{0B6BEC19-B18B-4EA3-A468-CFBBA72C1C2C}.Debug|iPhoneSimulator.Build.0 = Debug|iPhoneSimulator
		{0B6BEC19-B18B-4EA3-A468-CFBBA72C1C2C}.Release|iPhone.ActiveCfg = Release|iPhone
		{0B6BEC19-B18B-4EA3-A468-CFBBA72C1C2C}.Release|iPhone.Build.0 = Release|iPhone
		{0B6BEC19-B18B-4EA3-A468-CFBBA72C1C2C}.Release|iPhoneSimulator.ActiveCfg = Release|iPhoneSimulator
		{0B6BEC19-B18B-4EA3-A468-CFBBA72C1C2C}.Release|iPhoneSimulator.Build.0 = Release|iPhoneSimulator
		{0B6BEC19-B18B-4EA3-A468-CFBBA72C1C2C}.Debug|iPhone.ActiveCfg = Debug|iPhone
		{0B6BEC19-B18B-4EA3-A468-CFBBA72C1C2C}.Debug|iPhone.Build.0 = Debug|iPhone
		{1C7770EA-10EF-40C3-AEE3-43D097259C62}.Debug|Any CPU.ActiveCfg = Debug|Any CPU
		{1C7770EA-10EF-40C3-AEE3-43D097259C62}.Debug|Any CPU.Build.0 = Debug|Any CPU
		{1C7770EA-10EF-40C3-AEE3-43D097259C62}.Release|Any CPU.ActiveCfg = Release|Any CPU
		{1C7770EA-10EF-40C3-AEE3-43D097259C62}.Release|Any CPU.Build.0 = Release|Any CPU
		{1C7770EA-10EF-40C3-AEE3-43D097259C62}.Debug|iPhoneSimulator.ActiveCfg = Debug|Any CPU
		{1C7770EA-10EF-40C3-AEE3-43D097259C62}.Debug|iPhoneSimulator.Build.0 = Debug|Any CPU
		{1C7770EA-10EF-40C3-AEE3-43D097259C62}.Release|iPhone.ActiveCfg = Release|Any CPU
		{1C7770EA-10EF-40C3-AEE3-43D097259C62}.Release|iPhone.Build.0 = Release|Any CPU
		{1C7770EA-10EF-40C3-AEE3-43D097259C62}.Release|iPhoneSimulator.ActiveCfg = Release|Any CPU
		{1C7770EA-10EF-40C3-AEE3-43D097259C62}.Release|iPhoneSimulator.Build.0 = Release|Any CPU
		{1C7770EA-10EF-40C3-AEE3-43D097259C62}.Debug|iPhone.ActiveCfg = Debug|Any CPU
		{1C7770EA-10EF-40C3-AEE3-43D097259C62}.Debug|iPhone.Build.0 = Debug|Any CPU
	EndGlobalSection
EndGlobal
